
Microsoft Visual Studio Solution File, Format Version 12.00
# Visual Studio Version 16
VisualStudioVersion = 16.0.32901.82
MinimumVisualStudioVersion = 10.0.40219.1
Project("{FAE04EC0-301F-11D3-BF4B-00C04F79EFBC}") = "LMS_WEB_API_CF_12Dec", "LMS_WEB_API_CF_12Dec\LMS_WEB_API_CF_12Dec.csproj", "{5F95C713-EB9B-41B0-A637-80A33DFD2017}"
EndProject
Global
	GlobalSection(SolutionConfigurationPlatforms) = preSolution
		Debug|Any CPU = Debug|Any CPU
		Release|Any CPU = Release|Any CPU
	EndGlobalSection
	GlobalSection(ProjectConfigurationPlatforms) = postSolution
		{5F95C713-EB9B-41B0-A637-80A33DFD2017}.Debug|Any CPU.ActiveCfg = Debug|Any CPU
		{5F95C713-EB9B-41B0-A637-80A33DFD2017}.Debug|Any CPU.Build.0 = Debug|Any CPU
		{5F95C713-EB9B-41B0-A637-80A33DFD2017}.Release|Any CPU.ActiveCfg = Release|Any CPU
		{5F95C713-EB9B-41B0-A637-80A33DFD2017}.Release|Any CPU.Build.0 = Release|Any CPU
	EndGlobalSection
	GlobalSection(SolutionProperties) = preSolution
		HideSolutionNode = FALSE
	EndGlobalSection
	GlobalSection(ExtensibilityGlobals) = postSolution
		SolutionGuid = {7E55C8F9-0120-4716-9241-7BEF16E6A77A}
	EndGlobalSection
EndGlobal
